lockfileVersion: '6.0'

dependencies:
  openid:
    specifier: ^2.0.10
    version: 2.0.10

devDependencies:
  '@types/node':
    specifier: ^18.16.3
    version: 18.16.3
  '@types/openid':
    specifier: ^2.0.2
    version: 2.0.2
  next:
    specifier: ^13.3.4
    version: 13.3.4(react-dom@18.2.0)(react@18.2.0)
  next-auth:
    specifier: ^4.22.1
    version: 4.22.1(next@13.3.4)(react-dom@18.2.0)(react@18.2.0)
  openid-client:
    specifier: ^5.4.2
    version: 5.4.2
  typescript:
    specifier: ^5.0.4
    version: 5.0.4

packages:
  /@babel/runtime@7.21.5:
    resolution:
      {
        integrity: sha512-8jI69toZqqcsnqGGqwGS4Qb1VwLOEp4hz+CXPywcvjs60u3B4Pom/U/7rm4W8tMOYEB+E9wgD0mW1l3r8qlI9Q==
      }
    engines: { node: '>=6.9.0' }
    dependencies:
      regenerator-runtime: 0.13.11
    dev: true

  /@next/env@13.3.4:
    resolution:
      {
        integrity: sha512-oTK/wRV2qga86m/4VdrR1+/56UA6U1Qv3sIgowB+bZjahniZLEG5BmmQjfoGv7ZuLXBZ8Eec6hkL9BqJcrEL2g==
      }
    dev: true

  /@next/swc-darwin-arm64@13.3.4:
    resolution:
      {
        integrity: sha512-vux7RWfzxy1lD21CMwZsy9Ej+0+LZdIIj1gEhVmzOQqQZ5N56h8JamrjIVCfDL+Lpj8KwOmFZbPHE8qaYnL2pg==
      }
    engines: { node: '>= 10' }
    cpu: [arm64]
    os: [darwin]
    requiresBuild: true
    dev: true
    optional: true

  /@next/swc-darwin-x64@13.3.4:
    resolution:
      {
        integrity: sha512-1tb+6JT98+t7UIhVQpKL7zegKnCs9RKU6cKNyj+DYKuC/NVl49/JaIlmwCwK8Ibl+RXxJrK7uSXSIO71feXsgw==
      }
    engines: { node: '>= 10' }
    cpu: [x64]
    os: [darwin]
    requiresBuild: true
    dev: true
    optional: true

  /@next/swc-linux-arm64-gnu@13.3.4:
    resolution:
      {
        integrity: sha512-UqcKkYTKslf5YAJNtZ5XV1D5MQJIkVtDHL8OehDZERHzqOe7jvy41HFto33IDPPU8gJiP5eJb3V9U26uifqHjw==
      }
    engines: { node: '>= 10' }
    cpu: [arm64]
    os: [linux]
    requiresBuild: true
    dev: true
    optional: true

  /@next/swc-linux-arm64-musl@13.3.4:
    resolution:
      {
        integrity: sha512-HE/FmE8VvstAfehyo/XsrhGgz97cEr7uf9IfkgJ/unqSXE0CDshDn/4as6rRid74eDR8/exi7c2tdo49Tuqxrw==
      }
    engines: { node: '>= 10' }
    cpu: [arm64]
    os: [linux]
    requiresBuild: true
    dev: true
    optional: true

  /@next/swc-linux-x64-gnu@13.3.4:
    resolution:
      {
        integrity: sha512-xU+ugaupGA4SL5aK1ZYEqVHrW3TPOhxVcpaJLfpANm2443J4GfxCmOacu9XcSgy5c51Mq7C9uZ1LODKHfZosRQ==
      }
    engines: { node: '>= 10' }
    cpu: [x64]
    os: [linux]
    requiresBuild: true
    dev: true
    optional: true

  /@next/swc-linux-x64-musl@13.3.4:
    resolution:
      {
        integrity: sha512-cZvmf5KcYeTfIK6bCypfmxGUjme53Ep7hx94JJtGrYgCA1VwEuYdh+KouubJaQCH3aqnNE7+zGnVEupEKfoaaA==
      }
    engines: { node: '>= 10' }
    cpu: [x64]
    os: [linux]
    requiresBuild: true
    dev: true
    optional: true

  /@next/swc-win32-arm64-msvc@13.3.4:
    resolution:
      {
        integrity: sha512-7dL+CAUAjmgnVbjXPIpdj7/AQKFqEUL3bKtaOIE1JzJ5UMHHAXCPwzQtibrsvQpf9MwcAmiv8aburD3xH1xf8w==
      }
    engines: { node: '>= 10' }
    cpu: [arm64]
    os: [win32]
    requiresBuild: true
    dev: true
    optional: true

  /@next/swc-win32-ia32-msvc@13.3.4:
    resolution:
      {
        integrity: sha512-qplTyzEl1vPkS+/DRK3pKSL0HeXrPHkYsV7U6gboHYpfqoHY+bcLUj3gwVUa9PEHRIoq4vXvPzx/WtzE6q52ng==
      }
    engines: { node: '>= 10' }
    cpu: [ia32]
    os: [win32]
    requiresBuild: true
    dev: true
    optional: true

  /@next/swc-win32-x64-msvc@13.3.4:
    resolution:
      {
        integrity: sha512-usdvZT7JHrTuXC+4OKN5mCzUkviFkCyJJTkEz8jhBpucg+T7s83e7owm3oNFzmj5iKfvxU2St6VkcnSgpFvEYA==
      }
    engines: { node: '>= 10' }
    cpu: [x64]
    os: [win32]
    requiresBuild: true
    dev: true
    optional: true

  /@panva/hkdf@1.1.1:
    resolution:
      {
        integrity: sha512-dhPeilub1NuIG0X5Kvhh9lH4iW3ZsHlnzwgwbOlgwQ2wG1IqFzsgHqmKPk3WzsdWAeaxKJxgM0+W433RmN45GA==
      }
    dev: true

  /@swc/helpers@0.5.1:
    resolution:
      {
        integrity: sha512-sJ902EfIzn1Fa+qYmjdQqh8tPsoxyBz+8yBKC2HKUxyezKJFwPGOn7pv4WY6QuQW//ySQi5lJjA/ZT9sNWWNTg==
      }
    dependencies:
      tslib: 2.5.0
    dev: true

  /@types/node@18.16.3:
    resolution:
      {
        integrity: sha512-OPs5WnnT1xkCBiuQrZA4+YAV4HEJejmHneyraIaxsbev5yCEr6KMwINNFP9wQeFIw8FWcoTqF3vQsa5CDaI+8Q==
      }
    dev: true

  /@types/openid@2.0.2:
    resolution:
      {
        integrity: sha512-PFLFF6h3n6nsjOC+BBKVDkqGeM+CvYYFHA95Klmg0DOVzuiHEBZFOKoEEubkRMkv/aS684/ww+Gw/2tcBo2n8A==
      }
    dev: true

  /axios@0.21.4:
    resolution:
      {
        integrity: sha512-ut5vewkiu8jjGBdqpM44XxjuCjq9LAKeHVmoVfHVzy8eHgxxq8SbAVQNovDA8mVi05kP0Ea/n/UzcSHcTJQfNg==
      }
    dependencies:
      follow-redirects: 1.15.2
    transitivePeerDependencies:
      - debug
    dev: false

  /busboy@1.6.0:
    resolution:
      {
        integrity: sha512-8SFQbg/0hQ9xy3UNTB0YEnsNBbWfhf7RtnzpL7TkBiTBRfrQ9Fxcnz7VJsleJpyp6rVLvXiuORqjlHi5q+PYuA==
      }
    engines: { node: '>=10.16.0' }
    dependencies:
      streamsearch: 1.1.0
    dev: true

  /call-bind@1.0.2:
    resolution:
      {
        integrity: sha512-7O+FbCihrB5WGbFYesctwmTKae6rOiIzmz1icreWJ+0aA7LJfuqhEso2T9ncpcFtzMQtzXf2QGGueWJGTYsqrA==
      }
    dependencies:
      function-bind: 1.1.1
      get-intrinsic: 1.2.0
    dev: false

  /caniuse-lite@1.0.30001481:
    resolution:
      {
        integrity: sha512-KCqHwRnaa1InZBtqXzP98LPg0ajCVujMKjqKDhZEthIpAsJl/YEIa3YvXjGXPVqzZVguccuu7ga9KOE1J9rKPQ==
      }
    dev: true

  /client-only@0.0.1:
    resolution:
      {
        integrity: sha512-IV3Ou0jSMzZrd3pZ48nLkT9DA7Ag1pnPzaiQhpW7c3RbcqqzvzzVu+L8gfqMp/8IM2MQtSiqaCxrrcfu8I8rMA==
      }
    dev: true

  /cookie@0.5.0:
    resolution:
      {
        integrity: sha512-YZ3GUyn/o8gfKJlnlX7g7xq4gyO6OSuhGPKaaGssGB2qgDUS0gPgtTvoyZLTt9Ab6dC4hfc9dV5arkvc/OCmrw==
      }
    engines: { node: '>= 0.6' }
    dev: true

  /follow-redirects@1.15.2:
    resolution:
      {
        integrity: sha512-VQLG33o04KaQ8uYi2tVNbdrWp1QWxNNea+nmIB4EVM28v0hmP17z7aG1+wAkNzVq4KeXTq3221ye5qTJP91JwA==
      }
    engines: { node: '>=4.0' }
    peerDependencies:
      debug: '*'
    peerDependenciesMeta:
      debug:
        optional: true
    dev: false

  /function-bind@1.1.1:
    resolution:
      {
        integrity: sha512-yIovAzMX49sF8Yl58fSCWJ5svSLuaibPxXQJFLmBObTuCr0Mf1KiPopGM9NiFjiYBCbfaa2Fh6breQ6ANVTI0A==
      }
    dev: false

  /get-intrinsic@1.2.0:
    resolution:
      {
        integrity: sha512-L049y6nFOuom5wGyRc3/gdTLO94dySVKRACj1RmJZBQXlbTMhtNIgkWkUHq+jYmZvKf14EW1EoJnnjbmoHij0Q==
      }
    dependencies:
      function-bind: 1.1.1
      has: 1.0.3
      has-symbols: 1.0.3
    dev: false

  /has-symbols@1.0.3:
    resolution:
      {
        integrity: sha512-l3LCuF6MgDNwTDKkdYGEihYjt5pRPbEg46rtlmnSPlUbgmB8LOIrKJbYYFBSbnPaJexMKtiPO8hmeRjRz2Td+A==
      }
    engines: { node: '>= 0.4' }
    dev: false

  /has@1.0.3:
    resolution:
      {
        integrity: sha512-f2dvO0VU6Oej7RkWJGrehjbzMAjFp5/VKPp5tTpWIV4JHHZK1/BxbFRtf/siA2SWTe09caDmVtYYzWEIbBS4zw==
      }
    engines: { node: '>= 0.4.0' }
    dependencies:
      function-bind: 1.1.1
    dev: false

  /jose@4.14.4:
    resolution:
      {
        integrity: sha512-j8GhLiKmUAh+dsFXlX1aJCbt5KMibuKb+d7j1JaOJG6s2UjX1PQlW+OKB/sD4a/5ZYF4RcmYmLSndOoU3Lt/3g==
      }
    dev: true

  /js-tokens@4.0.0:
    resolution:
      {
        integrity: sha512-RdJUflcE3cUzKiMqQgsCu06FPu9UdIJO0beYbPhHN4k6apgJtifcoCtT9bcxOpYBtpD2kCM6Sbzg4CausW/PKQ==
      }
    dev: true

  /loose-envify@1.4.0:
    resolution:
      {
        integrity: sha512-lyuxPGr/Wfhrlem2CL/UcnUc1zcqKAImBDzukY7Y5F/yQiNdko6+fRLevlw1HgMySw7f611UIY408EtxRSoK3Q==
      }
    hasBin: true
    dependencies:
      js-tokens: 4.0.0
    dev: true

  /lru-cache@6.0.0:
    resolution:
      {
        integrity: sha512-Jo6dJ04CmSjuznwJSS3pUeWmd/H0ffTlkXXgwZi+eq1UCmqQwCh+eLsYOYCwY991i2Fah4h1BEMCx4qThGbsiA==
      }
    engines: { node: '>=10' }
    dependencies:
      yallist: 4.0.0
    dev: true

  /nanoid@3.3.6:
    resolution:
      {
        integrity: sha512-BGcqMMJuToF7i1rt+2PWSNVnWIkGCU78jBG3RxO/bZlnZPK2Cmi2QaffxGO/2RvWi9sL+FAiRiXMgsyxQ1DIDA==
      }
    engines: { node: ^10 || ^12 || ^13.7 || ^14 || >=15.0.1 }
    hasBin: true
    dev: true

  /next-auth@4.22.1(next@13.3.4)(react-dom@18.2.0)(react@18.2.0):
    resolution:
      {
        integrity: sha512-NTR3f6W7/AWXKw8GSsgSyQcDW6jkslZLH8AiZa5PQ09w1kR8uHtR9rez/E9gAq/o17+p0JYHE8QjF3RoniiObA==
      }
    peerDependencies:
      next: ^12.2.5 || ^13
      nodemailer: ^6.6.5
      react: ^17.0.2 || ^18
      react-dom: ^17.0.2 || ^18
    peerDependenciesMeta:
      nodemailer:
        optional: true
    dependencies:
      '@babel/runtime': 7.21.5
      '@panva/hkdf': 1.1.1
      cookie: 0.5.0
      jose: 4.14.4
      next: 13.3.4(react-dom@18.2.0)(react@18.2.0)
      oauth: 0.9.15
      openid-client: 5.4.2
      preact: 10.13.2
      preact-render-to-string: 5.2.6(preact@10.13.2)
      react: 18.2.0
      react-dom: 18.2.0(react@18.2.0)
      uuid: 8.3.2
    dev: true

  /next@13.3.4(react-dom@18.2.0)(react@18.2.0):
    resolution:
      {
        integrity: sha512-sod7HeokBSvH5QV0KB+pXeLfcXUlLrGnVUXxHpmhilQ+nQYT3Im2O8DswD5e4uqbR8Pvdu9pcWgb1CbXZQZlmQ==
      }
    engines: { node: '>=16.8.0' }
    hasBin: true
    peerDependencies:
      '@opentelemetry/api': ^1.1.0
      fibers: '>= 3.1.0'
      node-sass: ^6.0.0 || ^7.0.0
      react: ^18.2.0
      react-dom: ^18.2.0
      sass: ^1.3.0
    peerDependenciesMeta:
      '@opentelemetry/api':
        optional: true
      fibers:
        optional: true
      node-sass:
        optional: true
      sass:
        optional: true
    dependencies:
      '@next/env': 13.3.4
      '@swc/helpers': 0.5.1
      busboy: 1.6.0
      caniuse-lite: 1.0.30001481
      postcss: 8.4.14
      react: 18.2.0
      react-dom: 18.2.0(react@18.2.0)
      styled-jsx: 5.1.1(react@18.2.0)
    optionalDependencies:
      '@next/swc-darwin-arm64': 13.3.4
      '@next/swc-darwin-x64': 13.3.4
      '@next/swc-linux-arm64-gnu': 13.3.4
      '@next/swc-linux-arm64-musl': 13.3.4
      '@next/swc-linux-x64-gnu': 13.3.4
      '@next/swc-linux-x64-musl': 13.3.4
      '@next/swc-win32-arm64-msvc': 13.3.4
      '@next/swc-win32-ia32-msvc': 13.3.4
      '@next/swc-win32-x64-msvc': 13.3.4
    transitivePeerDependencies:
      - '@babel/core'
      - babel-plugin-macros
    dev: true

  /oauth@0.9.15:
    resolution:
      {
        integrity: sha512-a5ERWK1kh38ExDEfoO6qUHJb32rd7aYmPHuyCu3Fta/cnICvYmgd2uhuKXvPD+PXB+gCEYYEaQdIRAjCOwAKNA==
      }
    dev: true

  /object-hash@2.2.0:
    resolution:
      {
        integrity: sha512-gScRMn0bS5fH+IuwyIFgnh9zBdo4DV+6GhygmWM9HyNJSgS0hScp1f5vjtm7oIIOiT9trXrShAkLFSc2IqKNgw==
      }
    engines: { node: '>= 6' }
    dev: true

  /object-inspect@1.12.3:
    resolution:
      {
        integrity: sha512-geUvdk7c+eizMNUDkRpW1wJwgfOiOeHbxBR/hLXK1aT6zmVSO0jsQcs7fj6MGw89jC/cjGfLcNOrtMYtGqm81g==
      }
    dev: false

  /oidc-token-hash@5.0.3:
    resolution:
      {
        integrity: sha512-IF4PcGgzAr6XXSff26Sk/+P4KZFJVuHAJZj3wgO3vX2bMdNVp/QXTP3P7CEm9V1IdG8lDLY3HhiqpsE/nOwpPw==
      }
    engines: { node: ^10.13.0 || >=12.0.0 }
    dev: true

  /openid-client@5.4.2:
    resolution:
      {
        integrity: sha512-lIhsdPvJ2RneBm3nGBBhQchpe3Uka//xf7WPHTIglery8gnckvW7Bd9IaQzekzXJvWthCMyi/xVEyGW0RFPytw==
      }
    dependencies:
      jose: 4.14.4
      lru-cache: 6.0.0
      object-hash: 2.2.0
      oidc-token-hash: 5.0.3
    dev: true

  /openid@2.0.10:
    resolution:
      {
        integrity: sha512-EFTQ61/OUVhCeq78Y3rBpdKSuvgb0lwkU8nN4QTdcv0afc5MT7e4IVuZwgkMsgE993dmhbIhkxHFP3iTVJXWmw==
      }
    engines: { node: '>= 0.6.0' }
    dependencies:
      axios: 0.21.4
      qs: 6.11.1
    transitivePeerDependencies:
      - debug
    dev: false

  /picocolors@1.0.0:
    resolution:
      {
        integrity: sha512-1fygroTLlHu66zi26VoTDv8yRgm0Fccecssto+MhsZ0D/DGW2sm8E8AjW7NU5VVTRt5GxbeZ5qBuJr+HyLYkjQ==
      }
    dev: true

  /postcss@8.4.14:
    resolution:
      {
        integrity: sha512-E398TUmfAYFPBSdzgeieK2Y1+1cpdxJx8yXbK/m57nRhKSmk1GB2tO4lbLBtlkfPQTDKfe4Xqv1ASWPpayPEig==
      }
    engines: { node: ^10 || ^12 || >=14 }
    dependencies:
      nanoid: 3.3.6
      picocolors: 1.0.0
      source-map-js: 1.0.2
    dev: true

  /preact-render-to-string@5.2.6(preact@10.13.2):
    resolution:
      {
        integrity: sha512-JyhErpYOvBV1hEPwIxc/fHWXPfnEGdRKxc8gFdAZ7XV4tlzyzG847XAyEZqoDnynP88akM4eaHcSOzNcLWFguw==
      }
    peerDependencies:
      preact: '>=10'
    dependencies:
      preact: 10.13.2
      pretty-format: 3.8.0
    dev: true

  /preact@10.13.2:
    resolution:
      {
        integrity: sha512-q44QFLhOhty2Bd0Y46fnYW0gD/cbVM9dUVtNTDKPcdXSMA7jfY+Jpd6rk3GB0lcQss0z5s/6CmVP0Z/hV+g6pw==
      }
    dev: true

  /pretty-format@3.8.0:
    resolution:
      {
        integrity: sha512-WuxUnVtlWL1OfZFQFuqvnvs6MiAGk9UNsBostyBOB0Is9wb5uRESevA6rnl/rkksXaGX3GzZhPup5d6Vp1nFew==
      }
    dev: true

  /qs@6.11.1:
    resolution:
      {
        integrity: sha512-0wsrzgTz/kAVIeuxSjnpGC56rzYtr6JT/2BwEvMaPhFIoYa1aGO8LbzuU1R0uUYQkLpWBTOj0l/CLAJB64J6nQ==
      }
    engines: { node: '>=0.6' }
    dependencies:
      side-channel: 1.0.4
    dev: false

  /react-dom@18.2.0(react@18.2.0):
    resolution:
      {
        integrity: sha512-6IMTriUmvsjHUjNtEDudZfuDQUoWXVxKHhlEGSk81n4YFS+r/Kl99wXiwlVXtPBtJenozv2P+hxDsw9eA7Xo6g==
      }
    peerDependencies:
      react: ^18.2.0
    dependencies:
      loose-envify: 1.4.0
      react: 18.2.0
      scheduler: 0.23.0
    dev: true

  /react@18.2.0:
    resolution:
      {
        integrity: sha512-/3IjMdb2L9QbBdWiW5e3P2/npwMBaU9mHCSCUzNln0ZCYbcfTsGbTJrU/kGemdH2IWmB2ioZ+zkxtmq6g09fGQ==
      }
    engines: { node: '>=0.10.0' }
    dependencies:
      loose-envify: 1.4.0
    dev: true

  /regenerator-runtime@0.13.11:
    resolution:
      {
        integrity: sha512-kY1AZVr2Ra+t+piVaJ4gxaFaReZVH40AKNo7UCX6W+dEwBo/2oZJzqfuN1qLq1oL45o56cPaTXELwrTh8Fpggg==
      }
    dev: true

  /scheduler@0.23.0:
    resolution:
      {
        integrity: sha512-CtuThmgHNg7zIZWAXi3AsyIzA3n4xx7aNyjwC2VJldO2LMVDhFK+63xGqq6CsJH4rTAt6/M+N4GhZiDYPx9eUw==
      }
    dependencies:
      loose-envify: 1.4.0
    dev: true

  /side-channel@1.0.4:
    resolution:
      {
        integrity: sha512-q5XPytqFEIKHkGdiMIrY10mvLRvnQh42/+GoBlFW3b2LXLE2xxJpZFdm94we0BaoV3RwJyGqg5wS7epxTv0Zvw==
      }
    dependencies:
      call-bind: 1.0.2
      get-intrinsic: 1.2.0
      object-inspect: 1.12.3
    dev: false

  /source-map-js@1.0.2:
    resolution:
      {
        integrity: sha512-R0XvVJ9WusLiqTCEiGCmICCMplcCkIwwR11mOSD9CR5u+IXYdiseeEuXCVAjS54zqwkLcPNnmU4OeJ6tUrWhDw==
      }
    engines: { node: '>=0.10.0' }
    dev: true

  /streamsearch@1.1.0:
    resolution:
      {
        integrity: sha512-Mcc5wHehp9aXz1ax6bZUyY5afg9u2rv5cqQI3mRrYkGC8rW2hM02jWuwjtL++LS5qinSyhj2QfLyNsuc+VsExg==
      }
    engines: { node: '>=10.0.0' }
    dev: true

  /styled-jsx@5.1.1(react@18.2.0):
    resolution:
      {
        integrity: sha512-pW7uC1l4mBZ8ugbiZrcIsiIvVx1UmTfw7UkC3Um2tmfUq9Bhk8IiyEIPl6F8agHgjzku6j0xQEZbfA5uSgSaCw==
      }
    engines: { node: '>= 12.0.0' }
    peerDependencies:
      '@babel/core': '*'
      babel-plugin-macros: '*'
      react: '>= 16.8.0 || 17.x.x || ^18.0.0-0'
    peerDependenciesMeta:
      '@babel/core':
        optional: true
      babel-plugin-macros:
        optional: true
    dependencies:
      client-only: 0.0.1
      react: 18.2.0
    dev: true

  /tslib@2.5.0:
    resolution:
      {
        integrity: sha512-336iVw3rtn2BUK7ORdIAHTyxHGRIHVReokCR3XjbckJMK7ms8FysBfhLR8IXnAgy7T0PTPNBWKiH514FOW/WSg==
      }
    dev: true

  /typescript@5.0.4:
    resolution:
      {
        integrity: sha512-cW9T5W9xY37cc+jfEnaUvX91foxtHkza3Nw3wkoF4sSlKn0MONdkdEndig/qPBWXNkmplh3NzayQzCiHM4/hqw==
      }
    engines: { node: '>=12.20' }
    hasBin: true
    dev: true

  /uuid@8.3.2:
    resolution:
      {
        integrity: sha512-+NYs2QeMWy+GWFOEm9xnn6HCDp0l7QBD7ml8zLUmJ+93Q5NF0NocErnwkTkXVFNiX3/fpC6afS8Dhb/gz7R7eg==
      }
    hasBin: true
    dev: true

  /yallist@4.0.0:
    resolution:
      {
        integrity: sha512-3wdGidZyq5PB084XLES5TpOSRA3wjXAlIWMhum2kRcv/41Sn2emQ0dycQW4uZXLejwKvg6EsvbdlVL+FYEct7A==
      }
    dev: true
