lockfileVersion: '9.0'

settings:
  autoInstallPeers: true
  excludeLinksFromLockfile: false

importers:

  .:
    dependencies:
      next:
        specifier: 13.5.7
        version: 13.5.7(react-dom@18.3.1(react@18.3.1))(react@18.3.1)
      react:
        specifier: ^18
        version: 18.3.1
      react-dom:
        specifier: ^18
        version: 18.3.1(react@18.3.1)
    devDependencies:
      '@types/node':
        specifier: ^20
        version: 20.17.9
      '@types/react':
        specifier: ^18
        version: 18.3.14
      '@types/react-dom':
        specifier: ^18
        version: 18.3.2
      typescript:
        specifier: ^5
        version: 5.7.2

packages:

  '@next/env@13.5.7':
    resolution: {integrity: sha512-uVuRqoj28Ys/AI/5gVEgRAISd0KWI0HRjOO1CTpNgmX3ZsHb5mdn14Y59yk0IxizXdo7ZjsI2S7qbWnO+GNBcA==}

  '@next/swc-darwin-arm64@13.5.7':
    resolution: {integrity: sha512-7SxmxMex45FvKtRoP18eftrDCMyL6WQVYJSEE/s7A1AW/fCkznxjEShKet2iVVzf89gWp8HbXGaL4hCaseux6g==}
    engines: {node: '>= 10'}
    cpu: [arm64]
    os: [darwin]

  '@next/swc-darwin-x64@13.5.7':
    resolution: {integrity: sha512-6iENvgyIkGFLFszBL4b1VfEogKC3TDPEB6/P/lgxmgXVXIV09Q4or1MVn+U/tYyYmm7oHMZ3oxGpHAyJ80nA6g==}
    engines: {node: '>= 10'}
    cpu: [x64]
    os: [darwin]

  '@next/swc-linux-arm64-gnu@13.5.7':
    resolution: {integrity: sha512-P42jDX56wu9zEdVI+Xv4zyTeXB3DpqgE1Gb4bWrc0s2RIiDYr6uKBprnOs1hCGIwfVyByxyTw5Va66QCdFFNUg==}
    engines: {node: '>= 10'}
    cpu: [arm64]
    os: [linux]

  '@next/swc-linux-arm64-musl@13.5.7':
    resolution: {integrity: sha512-A06vkj+8X+tLRzSja5REm/nqVOCzR+x5Wkw325Q/BQRyRXWGCoNbQ6A+BR5M86TodigrRfI3lUZEKZKe3QJ9Bg==}
    engines: {node: '>= 10'}
    cpu: [arm64]
    os: [linux]

  '@next/swc-linux-x64-gnu@13.5.7':
    resolution: {integrity: sha512-UdHm7AlxIbdRdMsK32cH0EOX4OmzAZ4Xm+UVlS0YdvwLkI3pb7AoBEoVMG5H0Wj6Wpz6GNkrFguHTRLymTy6kw==}
    engines: {node: '>= 10'}
    cpu: [x64]
    os: [linux]

  '@next/swc-linux-x64-musl@13.5.7':
    resolution: {integrity: sha512-c50Y8xBKU16ZGj038H6C13iedRglxvdQHD/1BOtes56gwUrIRDX2Nkzn3mYtpz3Wzax0gfAF9C0Nqljt93IxvA==}
    engines: {node: '>= 10'}
    cpu: [x64]
    os: [linux]

  '@next/swc-win32-arm64-msvc@13.5.7':
    resolution: {integrity: sha512-NcUx8cmkA+JEp34WNYcKW6kW2c0JBhzJXIbw+9vKkt9m/zVJ+KfizlqmoKf04uZBtzFN6aqE2Fyv2MOd021WIA==}
    engines: {node: '>= 10'}
    cpu: [arm64]
    os: [win32]

  '@next/swc-win32-ia32-msvc@13.5.7':
    resolution: {integrity: sha512-wXp+/3NVcuyJDED6gJiLXs5dqHaWO7moAB6aBtjlKZvsxBDxpcyjsfRbtHPeYtaT20zCkmPs69H0K25lrVZmlA==}
    engines: {node: '>= 10'}
    cpu: [ia32]
    os: [win32]

  '@next/swc-win32-x64-msvc@13.5.7':
    resolution: {integrity: sha512-PLyD3Dl6jTTkLG8AoqhPGd5pXtSs8wbqIhWPQt3yEMfnYld/dGYuF2YPs3YHaVFrijCIF9pXY3+QOyvP23Zn7g==}
    engines: {node: '>= 10'}
    cpu: [x64]
    os: [win32]

  '@swc/helpers@0.5.2':
    resolution: {integrity: sha512-E4KcWTpoLHqwPHLxidpOqQbcrZVgi0rsmmZXUle1jXmJfuIf/UWpczUJ7MZZ5tlxytgJXyp0w4PGkkeLiuIdZw==}

  '@types/node@20.17.9':
    resolution: {integrity: sha512-0JOXkRyLanfGPE2QRCwgxhzlBAvaRdCNMcvbd7jFfpmD4eEXll7LRwy5ymJmyeZqk7Nh7eD2LeUyQ68BbndmXw==}

  '@types/prop-types@15.7.14':
    resolution: {integrity: sha512-gNMvNH49DJ7OJYv+KAKn0Xp45p8PLl6zo2YnvDIbTd4J6MER2BmWN49TG7n9LvkyihINxeKW8+3bfS2yDC9dzQ==}

  '@types/react-dom@18.3.2':
    resolution: {integrity: sha512-Fqp+rcvem9wEnGr3RY8dYNvSQ8PoLqjZ9HLgaPUOjJJD120uDyOxOjc/39M4Kddp9JQCxpGQbnhVQF0C0ncYVg==}

  '@types/react@18.3.14':
    resolution: {integrity: sha512-NzahNKvjNhVjuPBQ+2G7WlxstQ+47kXZNHlUvFakDViuIEfGY926GqhMueQFZ7woG+sPiQKlF36XfrIUVSUfFg==}

  busboy@1.6.0:
    resolution: {integrity: sha512-8SFQbg/0hQ9xy3UNTB0YEnsNBbWfhf7RtnzpL7TkBiTBRfrQ9Fxcnz7VJsleJpyp6rVLvXiuORqjlHi5q+PYuA==}
    engines: {node: '>=10.16.0'}

  caniuse-lite@1.0.30001687:
    resolution: {integrity: sha512-0S/FDhf4ZiqrTUiQ39dKeUjYRjkv7lOZU1Dgif2rIqrTzX/1wV2hfKu9TOm1IHkdSijfLswxTFzl/cvir+SLSQ==}

  client-only@0.0.1:
    resolution: {integrity: sha512-IV3Ou0jSMzZrd3pZ48nLkT9DA7Ag1pnPzaiQhpW7c3RbcqqzvzzVu+L8gfqMp/8IM2MQtSiqaCxrrcfu8I8rMA==}

  csstype@3.1.3:
    resolution: {integrity: sha512-M1uQkMl8rQK/szD0LNhtqxIPLpimGm8sOBwU7lLnCpSbTyY3yeU1Vc7l4KT5zT4s/yOxHH5O7tIuuLOCnLADRw==}

  glob-to-regexp@0.4.1:
    resolution: {integrity: sha512-lkX1HJXwyMcprw/5YUZc2s7DrpAiHB21/V+E1rHUrVNokkvB6bqMzT0VfV6/86ZNabt1k14YOIaT7nDvOX3Iiw==}

  graceful-fs@4.2.11:
    resolution: {integrity: sha512-RbJ5/jmFcNNCcDV5o9eTnBLJ/HszWV0P73bc+Ff4nS/rJj+YaS6IGyiOL0VoBYX+l1Wrl3k63h/KrH+nhJ0XvQ==}

  js-tokens@4.0.0:
    resolution: {integrity: sha512-RdJUflcE3cUzKiMqQgsCu06FPu9UdIJO0beYbPhHN4k6apgJtifcoCtT9bcxOpYBtpD2kCM6Sbzg4CausW/PKQ==}

  loose-envify@1.4.0:
    resolution: {integrity: sha512-lyuxPGr/Wfhrlem2CL/UcnUc1zcqKAImBDzukY7Y5F/yQiNdko6+fRLevlw1HgMySw7f611UIY408EtxRSoK3Q==}
    hasBin: true

  nanoid@3.3.8:
    resolution: {integrity: sha512-WNLf5Sd8oZxOm+TzppcYk8gVOgP+l58xNy58D0nbUnOxOWRWvlcCV4kUF7ltmI6PsrLl/BgKEyS4mqsGChFN0w==}
    engines: {node: ^10 || ^12 || ^13.7 || ^14 || >=15.0.1}
    hasBin: true

  next@13.5.7:
    resolution: {integrity: sha512-W7KIRTE+hPcgGdq89P3mQLDX3m7pJ6nxSyC+YxYaUExE+cS4UledB+Ntk98tKoyhsv6fjb2TRAnD7VDvoqmeFg==}
    engines: {node: '>=16.14.0'}
    hasBin: true
    peerDependencies:
      '@opentelemetry/api': ^1.1.0
      react: ^18.2.0
      react-dom: ^18.2.0
      sass: ^1.3.0
    peerDependenciesMeta:
      '@opentelemetry/api':
        optional: true
      sass:
        optional: true

  picocolors@1.1.1:
    resolution: {integrity: sha512-xceH2snhtb5M9liqDsmEw56le376mTZkEX/jEb/RxNFyegNul7eNslCXP9FDj/Lcu0X8KEyMceP2ntpaHrDEVA==}

  postcss@8.4.31:
    resolution: {integrity: sha512-PS08Iboia9mts/2ygV3eLpY5ghnUcfLV/EXTOW1E2qYxJKGGBUtNjN76FYHnMs36RmARn41bC0AZmn+rR0OVpQ==}
    engines: {node: ^10 || ^12 || >=14}

  react-dom@18.3.1:
    resolution: {integrity: sha512-5m4nQKp+rZRb09LNH59GM4BxTh9251/ylbKIbpe7TpGxfJ+9kv6BLkLBXIjjspbgbnIBNqlI23tRnTWT0snUIw==}
    peerDependencies:
      react: ^18.3.1

  react@18.3.1:
    resolution: {integrity: sha512-wS+hAgJShR0KhEvPJArfuPVN1+Hz1t0Y6n5jLrGQbkb4urgPE/0Rve+1kMB1v/oWgHgm4WIcV+i7F2pTVj+2iQ==}
    engines: {node: '>=0.10.0'}

  scheduler@0.23.2:
    resolution: {integrity: sha512-UOShsPwz7NrMUqhR6t0hWjFduvOzbtv7toDH1/hIrfRNIDBnnBWd0CwJTGvTpngVlmwGCdP9/Zl/tVrDqcuYzQ==}

  source-map-js@1.2.1:
    resolution: {integrity: sha512-UXWMKhLOwVKb728IUtQPXxfYU+usdybtUrK/8uGE8CQMvrhOpwvzDBwj0QhSL7MQc7vIsISBG8VQ8+IDQxpfQA==}
    engines: {node: '>=0.10.0'}

  streamsearch@1.1.0:
    resolution: {integrity: sha512-Mcc5wHehp9aXz1ax6bZUyY5afg9u2rv5cqQI3mRrYkGC8rW2hM02jWuwjtL++LS5qinSyhj2QfLyNsuc+VsExg==}
    engines: {node: '>=10.0.0'}

  styled-jsx@5.1.1:
    resolution: {integrity: sha512-pW7uC1l4mBZ8ugbiZrcIsiIvVx1UmTfw7UkC3Um2tmfUq9Bhk8IiyEIPl6F8agHgjzku6j0xQEZbfA5uSgSaCw==}
    engines: {node: '>= 12.0.0'}
    peerDependencies:
      '@babel/core': '*'
      babel-plugin-macros: '*'
      react: '>= 16.8.0 || 17.x.x || ^18.0.0-0'
    peerDependenciesMeta:
      '@babel/core':
        optional: true
      babel-plugin-macros:
        optional: true

  tslib@2.8.1:
    resolution: {integrity: sha512-oJFu94HQb+KVduSUQL7wnpmqnfmLsOA/nAh6b6EH0wCEoK0/mPeXU6c3wKDV83MkOuHPRHtSXKKU99IBazS/2w==}

  typescript@5.7.2:
    resolution: {integrity: sha512-i5t66RHxDvVN40HfDd1PsEThGNnlMCMT3jMUuoh9/0TaqWevNontacunWyN02LA9/fIbEWlcHZcgTKb9QoaLfg==}
    engines: {node: '>=14.17'}
    hasBin: true

  undici-types@6.19.8:
    resolution: {integrity: sha512-ve2KP6f/JnbPBFyobGHuerC9g1FYGn/F8n1LWTwNxCEzd6IfqTwUQcNXgEtmmQ6DlRrC1hrSrBnCZPokRrDHjw==}

  watchpack@2.4.0:
    resolution: {integrity: sha512-Lcvm7MGST/4fup+ifyKi2hjyIAwcdI4HRgtvTpIUxBRhB+RFtUh8XtDOxUfctVCnhVi+QQj49i91OyvzkJl6cg==}
    engines: {node: '>=10.13.0'}

snapshots:

  '@next/env@13.5.7': {}

  '@next/swc-darwin-arm64@13.5.7':
    optional: true

  '@next/swc-darwin-x64@13.5.7':
    optional: true

  '@next/swc-linux-arm64-gnu@13.5.7':
    optional: true

  '@next/swc-linux-arm64-musl@13.5.7':
    optional: true

  '@next/swc-linux-x64-gnu@13.5.7':
    optional: true

  '@next/swc-linux-x64-musl@13.5.7':
    optional: true

  '@next/swc-win32-arm64-msvc@13.5.7':
    optional: true

  '@next/swc-win32-ia32-msvc@13.5.7':
    optional: true

  '@next/swc-win32-x64-msvc@13.5.7':
    optional: true

  '@swc/helpers@0.5.2':
    dependencies:
      tslib: 2.8.1

  '@types/node@20.17.9':
    dependencies:
      undici-types: 6.19.8

  '@types/prop-types@15.7.14': {}

  '@types/react-dom@18.3.2':
    dependencies:
      '@types/react': 18.3.14

  '@types/react@18.3.14':
    dependencies:
      '@types/prop-types': 15.7.14
      csstype: 3.1.3

  busboy@1.6.0:
    dependencies:
      streamsearch: 1.1.0

  caniuse-lite@1.0.30001687: {}

  client-only@0.0.1: {}

  csstype@3.1.3: {}

  glob-to-regexp@0.4.1: {}

  graceful-fs@4.2.11: {}

  js-tokens@4.0.0: {}

  loose-envify@1.4.0:
    dependencies:
      js-tokens: 4.0.0

  nanoid@3.3.8: {}

  next@13.5.7(react-dom@18.3.1(react@18.3.1))(react@18.3.1):
    dependencies:
      '@next/env': 13.5.7
      '@swc/helpers': 0.5.2
      busboy: 1.6.0
      caniuse-lite: 1.0.30001687
      postcss: 8.4.31
      react: 18.3.1
      react-dom: 18.3.1(react@18.3.1)
      styled-jsx: 5.1.1(react@18.3.1)
      watchpack: 2.4.0
    optionalDependencies:
      '@next/swc-darwin-arm64': 13.5.7
      '@next/swc-darwin-x64': 13.5.7
      '@next/swc-linux-arm64-gnu': 13.5.7
      '@next/swc-linux-arm64-musl': 13.5.7
      '@next/swc-linux-x64-gnu': 13.5.7
      '@next/swc-linux-x64-musl': 13.5.7
      '@next/swc-win32-arm64-msvc': 13.5.7
      '@next/swc-win32-ia32-msvc': 13.5.7
      '@next/swc-win32-x64-msvc': 13.5.7
    transitivePeerDependencies:
      - '@babel/core'
      - babel-plugin-macros

  picocolors@1.1.1: {}

  postcss@8.4.31:
    dependencies:
      nanoid: 3.3.8
      picocolors: 1.1.1
      source-map-js: 1.2.1

  react-dom@18.3.1(react@18.3.1):
    dependencies:
      loose-envify: 1.4.0
      react: 18.3.1
      scheduler: 0.23.2

  react@18.3.1:
    dependencies:
      loose-envify: 1.4.0

  scheduler@0.23.2:
    dependencies:
      loose-envify: 1.4.0

  source-map-js@1.2.1: {}

  streamsearch@1.1.0: {}

  styled-jsx@5.1.1(react@18.3.1):
    dependencies:
      client-only: 0.0.1
      react: 18.3.1

  tslib@2.8.1: {}

  typescript@5.7.2: {}

  undici-types@6.19.8: {}

  watchpack@2.4.0:
    dependencies:
      glob-to-regexp: 0.4.1
      graceful-fs: 4.2.11
